
Microsoft Visual Studio Solution File, Format Version 12.00
# Visual Studio Version 17
VisualStudioVersion = 17.3.32825.248
MinimumVisualStudioVersion = 10.0.40219.1
Project("{8BC9CEB8-8B4A-11D0-8D11-00A0C91BC942}") = "лаб сиаод 5-7", "лаб сиаод 5-7.vcxproj", "{409E2588-755D-40E4-B7DF-05E59F6BBE02}"
EndProject
Global
	GlobalSection(SolutionConfigurationPlatforms) = preSolution
		Debug|x64 = Debug|x64
		Debug|x86 = Debug|x86
		Release|x64 = Release|x64
		Release|x86 = Release|x86
	EndGlobalSection
	GlobalSection(ProjectConfigurationPlatforms) = postSolution
		{409E2588-755D-40E4-B7DF-05E59F6BBE02}.Debug|x64.ActiveCfg = Debug|x64
		{409E2588-755D-40E4-B7DF-05E59F6BBE02}.Debug|x64.Build.0 = Debug|x64
		{409E2588-755D-40E4-B7DF-05E59F6BBE02}.Debug|x86.ActiveCfg = Debug|Win32
		{409E2588-755D-40E4-B7DF-05E59F6BBE02}.Debug|x86.Build.0 = Debug|Win32
		{409E2588-755D-40E4-B7DF-05E59F6BBE02}.Release|x64.ActiveCfg = Release|x64
		{409E2588-755D-40E4-B7DF-05E59F6BBE02}.Release|x64.Build.0 = Release|x64
		{409E2588-755D-40E4-B7DF-05E59F6BBE02}.Release|x86.ActiveCfg = Release|Win32
		{409E2588-755D-40E4-B7DF-05E59F6BBE02}.Release|x86.Build.0 = Release|Win32
	EndGlobalSection
	GlobalSection(SolutionProperties) = preSolution
		HideSolutionNode = FALSE
	EndGlobalSection
	GlobalSection(ExtensibilityGlobals) = postSolution
		SolutionGuid = {1E6E7EF1-9553-4B32-8D9C-FED7C831F60B}
	EndGlobalSection
EndGlobal
